
Microsoft Visual Studio Solution File, Format Version 12.00
# Visual Studio Version 17
VisualStudioVersion = 17.14.36414.22 d17.14
MinimumVisualStudioVersion = 10.0.40219.1
Project("{FAE04EC0-301F-11D3-BF4B-00C04F79EFBC}") = "ConsoleApp2", "ConsoleApp2\ConsoleApp2.csproj", "{DE6CF8A8-5CB2-415E-BA0F-7526946286E1}"
EndProject
Global
	GlobalSection(SolutionConfigurationPlatforms) = preSolution
		Debug|Any CPU = Debug|Any CPU
		Release|Any CPU = Release|Any CPU
	EndGlobalSection
	GlobalSection(ProjectConfigurationPlatforms) = postSolution
		{DE6CF8A8-5CB2-415E-BA0F-7526946286E1}.Debug|Any CPU.ActiveCfg = Debug|Any CPU
		{DE6CF8A8-5CB2-415E-BA0F-7526946286E1}.Debug|Any CPU.Build.0 = Debug|Any CPU
		{DE6CF8A8-5CB2-415E-BA0F-7526946286E1}.Release|Any CPU.ActiveCfg = Release|Any CPU
		{DE6CF8A8-5CB2-415E-BA0F-7526946286E1}.Release|Any CPU.Build.0 = Release|Any CPU
	EndGlobalSection
	GlobalSection(SolutionProperties) = preSolution
		HideSolutionNode = FALSE
	EndGlobalSection
	GlobalSection(ExtensibilityGlobals) = postSolution
		SolutionGuid = {37FB7194-E3E4-4F61-923C-C1D548D5AB3D}
	EndGlobalSection
EndGlobal
